
Microsoft Visual Studio Solution File, Format Version 12.00
# Visual Studio 15
VisualStudioVersion = 15.0.27004.2005
MinimumVisualStudioVersion = 10.0.40219.1
Project("{FAE04EC0-301F-11D3-BF4B-00C04F79EFBC}") = "ConsoleApp1", "ConsoleApp1\ConsoleApp1.csproj", "{C18907FB-159E-4E1B-A101-011221961B47}"
EndProject
Project("{FAE04EC0-301F-11D3-BF4B-00C04F79EFBC}") = "ConsoleApp2", "ConsoleApp2\ConsoleApp2.csproj", "{42221897-8B61-47B7-929D-4C3B00A13E83}"
EndProject
Project("{FAE04EC0-301F-11D3-BF4B-00C04F79EFBC}") = "ConsoleApp3", "ConsoleApp3\ConsoleApp3.csproj", "{00288E37-635A-4740-9411-3B93D8B4CFCB}"
EndProject
Project("{FAE04EC0-301F-11D3-BF4B-00C04F79EFBC}") = "ConsoleApp4", "ConsoleApp4\ConsoleApp4.csproj", "{241D2BCA-9A23-4EBB-9A7D-032B177477CD}"
EndProject
Project("{FAE04EC0-301F-11D3-BF4B-00C04F79EFBC}") = "ConsoleApp5", "ConsoleApp5\ConsoleApp5.csproj", "{B44E47BD-B950-419C-B142-D0AA93F85544}"
EndProject
Project("{FAE04EC0-301F-11D3-BF4B-00C04F79EFBC}") = "ConsoleApp6", "ConsoleApp6\ConsoleApp6.csproj", "{35F2D28C-1A78-4E27-8371-250664181EFC}"
EndProject
Project("{FAE04EC0-301F-11D3-BF4B-00C04F79EFBC}") = "ConsoleApp7", "ConsoleApp7\ConsoleApp7.csproj", "{223AB16F-9738-4115-9254-4CBA8944355C}"
EndProject
Project("{FAE04EC0-301F-11D3-BF4B-00C04F79EFBC}") = "ConsoleApp11", "ConsoleApp9\ConsoleApp11.csproj", "{1240A7B9-AEE0-4473-8000-16B1DF309651}"
EndProject
Project("{FAE04EC0-301F-11D3-BF4B-00C04F79EFBC}") = "ConsoleApp9", "ConsoleApp10\ConsoleApp9.csproj", "{D844226E-BC33-4920-AE22-55D7427D9073}"
EndProject
Project("{FAE04EC0-301F-11D3-BF4B-00C04F79EFBC}") = "ConsoleApp8", "ConsoleApp8\ConsoleApp8.csproj", "{653FCA7E-2553-403D-ACD0-FD17897DC76A}"
EndProject
Project("{FAE04EC0-301F-11D3-BF4B-00C04F79EFBC}") = "ConsoleApp12", "ConsoleApp12\ConsoleApp12.csproj", "{6E41DCB4-93DB-4F4A-BF16-1717AFD9D19C}"
EndProject
Project("{FAE04EC0-301F-11D3-BF4B-00C04F79EFBC}") = "ConsoleApp13", "ConsoleApp13\ConsoleApp13.csproj", "{39BC2972-1C31-440D-A14E-DD3237A15114}"
EndProject
Project("{FAE04EC0-301F-11D3-BF4B-00C04F79EFBC}") = "ConsoleApp14", "ConsoleApp14\ConsoleApp14.csproj", "{AB4A7B60-5D8D-43EF-B790-882819A40592}"
EndProject
Project("{FAE04EC0-301F-11D3-BF4B-00C04F79EFBC}") = "ConsoleApp1begin", "ConsoleApp1begin\ConsoleApp1begin.csproj", "{7AD5AEB8-E9A7-45E1-81E7-696304839257}"
EndProject
Project("{FAE04EC0-301F-11D3-BF4B-00C04F79EFBC}") = "ConsoleApp2begin", "ConsoleApp2begin\ConsoleApp2begin.csproj", "{3BAF65A0-630E-4B4D-889B-59C53389CDAB}"
EndProject
Project("{FAE04EC0-301F-11D3-BF4B-00C04F79EFBC}") = "ConsoleApp3begin", "ConsoleApp3begin\ConsoleApp3begin.csproj", "{F9714035-EEE4-4AF6-9B61-0183BE74283C}"
EndProject
Project("{FAE04EC0-301F-11D3-BF4B-00C04F79EFBC}") = "ConsoleApp4(begin16)", "ConsoleApp4(begin16)\ConsoleApp4(begin16).csproj", "{2C2F6383-EF54-440F-AAB3-83B045B1154E}"
EndProject
Project("{FAE04EC0-301F-11D3-BF4B-00C04F79EFBC}") = "ConsoleApp5(begin17)", "ConsoleApp5(begin17)\ConsoleApp5(begin17).csproj", "{C288B036-3CBC-4618-89E5-AF7BC569CA1A}"
EndProject
Project("{FAE04EC0-301F-11D3-BF4B-00C04F79EFBC}") = "ConsoleApp6(begin18)", "ConsoleApp6(begin18)\ConsoleApp6(begin18).csproj", "{C17488CA-DF8A-40E2-9210-9052D216253D}"
EndProject
Project("{FAE04EC0-301F-11D3-BF4B-00C04F79EFBC}") = "ConsoleApp7begin38", "ConsoleApp7begin38\ConsoleApp7begin38.csproj", "{237C9446-3094-4BE0-A68B-CC30D9E0445C}"
EndProject
Project("{FAE04EC0-301F-11D3-BF4B-00C04F79EFBC}") = "ConsoleApp9begin40", "ConsoleApp8begin39\ConsoleApp9begin40.csproj", "{AAD7EAEC-87C4-4CB0-992C-08873EB690F0}"
EndProject
Project("{FAE04EC0-301F-11D3-BF4B-00C04F79EFBC}") = "ConsoleApp10Integer1", "ConsoleApp10Integer1\ConsoleApp10Integer1.csproj", "{44D76114-D4E9-4155-A241-5FA970C5B529}"
EndProject
Project("{FAE04EC0-301F-11D3-BF4B-00C04F79EFBC}") = "ConsoleApp8begin39", "ConsoleApp7begin39\ConsoleApp8begin39.csproj", "{485874A2-353B-4F5D-BA62-923080D7322F}"
EndProject
Global
	GlobalSection(SolutionConfigurationPlatforms) = preSolution
		Debug|Any CPU = Debug|Any CPU
		Release|Any CPU = Release|Any CPU
	EndGlobalSection
	GlobalSection(ProjectConfigurationPlatforms) = postSolution
		{C18907FB-159E-4E1B-A101-011221961B47}.Debug|Any CPU.ActiveCfg = Debug|Any CPU
		{C18907FB-159E-4E1B-A101-011221961B47}.Debug|Any CPU.Build.0 = Debug|Any CPU
		{C18907FB-159E-4E1B-A101-011221961B47}.Release|Any CPU.ActiveCfg = Release|Any CPU
		{C18907FB-159E-4E1B-A101-011221961B47}.Release|Any CPU.Build.0 = Release|Any CPU
		{42221897-8B61-47B7-929D-4C3B00A13E83}.Debug|Any CPU.ActiveCfg = Debug|Any CPU
		{42221897-8B61-47B7-929D-4C3B00A13E83}.Debug|Any CPU.Build.0 = Debug|Any CPU
		{42221897-8B61-47B7-929D-4C3B00A13E83}.Release|Any CPU.ActiveCfg = Release|Any CPU
		{42221897-8B61-47B7-929D-4C3B00A13E83}.Release|Any CPU.Build.0 = Release|Any CPU
		{00288E37-635A-4740-9411-3B93D8B4CFCB}.Debug|Any CPU.ActiveCfg = Debug|Any CPU
		{00288E37-635A-4740-9411-3B93D8B4CFCB}.Debug|Any CPU.Build.0 = Debug|Any CPU
		{00288E37-635A-4740-9411-3B93D8B4CFCB}.Release|Any CPU.ActiveCfg = Release|Any CPU
		{00288E37-635A-4740-9411-3B93D8B4CFCB}.Release|Any CPU.Build.0 = Release|Any CPU
		{241D2BCA-9A23-4EBB-9A7D-032B177477CD}.Debug|Any CPU.ActiveCfg = Debug|Any CPU
		{241D2BCA-9A23-4EBB-9A7D-032B177477CD}.Debug|Any CPU.Build.0 = Debug|Any CPU
		{241D2BCA-9A23-4EBB-9A7D-032B177477CD}.Release|Any CPU.ActiveCfg = Release|Any CPU
		{241D2BCA-9A23-4EBB-9A7D-032B177477CD}.Release|Any CPU.Build.0 = Release|Any CPU
		{B44E47BD-B950-419C-B142-D0AA93F85544}.Debug|Any CPU.ActiveCfg = Debug|Any CPU
		{B44E47BD-B950-419C-B142-D0AA93F85544}.Debug|Any CPU.Build.0 = Debug|Any CPU
		{B44E47BD-B950-419C-B142-D0AA93F85544}.Release|Any CPU.ActiveCfg = Release|Any CPU
		{B44E47BD-B950-419C-B142-D0AA93F85544}.Release|Any CPU.Build.0 = Release|Any CPU
		{35F2D28C-1A78-4E27-8371-250664181EFC}.Debug|Any CPU.ActiveCfg = Debug|Any CPU
		{35F2D28C-1A78-4E27-8371-250664181EFC}.Debug|Any CPU.Build.0 = Debug|Any CPU
		{35F2D28C-1A78-4E27-8371-250664181EFC}.Release|Any CPU.ActiveCfg = Release|Any CPU
		{35F2D28C-1A78-4E27-8371-250664181EFC}.Release|Any CPU.Build.0 = Release|Any CPU
		{223AB16F-9738-4115-9254-4CBA8944355C}.Debug|Any CPU.ActiveCfg = Debug|Any CPU
		{223AB16F-9738-4115-9254-4CBA8944355C}.Debug|Any CPU.Build.0 = Debug|Any CPU
		{223AB16F-9738-4115-9254-4CBA8944355C}.Release|Any CPU.ActiveCfg = Release|Any CPU
		{223AB16F-9738-4115-9254-4CBA8944355C}.Release|Any CPU.Build.0 = Release|Any CPU
		{1240A7B9-AEE0-4473-8000-16B1DF309651}.Debug|Any CPU.ActiveCfg = Debug|Any CPU
		{1240A7B9-AEE0-4473-8000-16B1DF309651}.Debug|Any CPU.Build.0 = Debug|Any CPU
		{1240A7B9-AEE0-4473-8000-16B1DF309651}.Release|Any CPU.ActiveCfg = Release|Any CPU
		{1240A7B9-AEE0-4473-8000-16B1DF309651}.Release|Any CPU.Build.0 = Release|Any CPU
		{D844226E-BC33-4920-AE22-55D7427D9073}.Debug|Any CPU.ActiveCfg = Debug|Any CPU
		{D844226E-BC33-4920-AE22-55D7427D9073}.Debug|Any CPU.Build.0 = Debug|Any CPU
		{D844226E-BC33-4920-AE22-55D7427D9073}.Release|Any CPU.ActiveCfg = Release|Any CPU
		{D844226E-BC33-4920-AE22-55D7427D9073}.Release|Any CPU.Build.0 = Release|Any CPU
		{653FCA7E-2553-403D-ACD0-FD17897DC76A}.Debug|Any CPU.ActiveCfg = Debug|Any CPU
		{653FCA7E-2553-403D-ACD0-FD17897DC76A}.Debug|Any CPU.Build.0 = Debug|Any CPU
		{653FCA7E-2553-403D-ACD0-FD17897DC76A}.Release|Any CPU.ActiveCfg = Release|Any CPU
		{653FCA7E-2553-403D-ACD0-FD17897DC76A}.Release|Any CPU.Build.0 = Release|Any CPU
		{6E41DCB4-93DB-4F4A-BF16-1717AFD9D19C}.Debug|Any CPU.ActiveCfg = Debug|Any CPU
		{6E41DCB4-93DB-4F4A-BF16-1717AFD9D19C}.Debug|Any CPU.Build.0 = Debug|Any CPU
		{6E41DCB4-93DB-4F4A-BF16-1717AFD9D19C}.Release|Any CPU.ActiveCfg = Release|Any CPU
		{6E41DCB4-93DB-4F4A-BF16-1717AFD9D19C}.Release|Any CPU.Build.0 = Release|Any CPU
		{39BC2972-1C31-440D-A14E-DD3237A15114}.Debug|Any CPU.ActiveCfg = Debug|Any CPU
		{39BC2972-1C31-440D-A14E-DD3237A15114}.Debug|Any CPU.Build.0 = Debug|Any CPU
		{39BC2972-1C31-440D-A14E-DD3237A15114}.Release|Any CPU.ActiveCfg = Release|Any CPU
		{39BC2972-1C31-440D-A14E-DD3237A15114}.Release|Any CPU.Build.0 = Release|Any CPU
		{AB4A7B60-5D8D-43EF-B790-882819A40592}.Debug|Any CPU.ActiveCfg = Debug|Any CPU
		{AB4A7B60-5D8D-43EF-B790-882819A40592}.Debug|Any CPU.Build.0 = Debug|Any CPU
		{AB4A7B60-5D8D-43EF-B790-882819A40592}.Release|Any CPU.ActiveCfg = Release|Any CPU
		{AB4A7B60-5D8D-43EF-B790-882819A40592}.Release|Any CPU.Build.0 = Release|Any CPU
		{7AD5AEB8-E9A7-45E1-81E7-696304839257}.Debug|Any CPU.ActiveCfg = Debug|Any CPU
		{7AD5AEB8-E9A7-45E1-81E7-696304839257}.Debug|Any CPU.Build.0 = Debug|Any CPU
		{7AD5AEB8-E9A7-45E1-81E7-696304839257}.Release|Any CPU.ActiveCfg = Release|Any CPU
		{7AD5AEB8-E9A7-45E1-81E7-696304839257}.Release|Any CPU.Build.0 = Release|Any CPU
		{3BAF65A0-630E-4B4D-889B-59C53389CDAB}.Debug|Any CPU.ActiveCfg = Debug|Any CPU
		{3BAF65A0-630E-4B4D-889B-59C53389CDAB}.Debug|Any CPU.Build.0 = Debug|Any CPU
		{3BAF65A0-630E-4B4D-889B-59C53389CDAB}.Release|Any CPU.ActiveCfg = Release|Any CPU
		{3BAF65A0-630E-4B4D-889B-59C53389CDAB}.Release|Any CPU.Build.0 = Release|Any CPU
		{F9714035-EEE4-4AF6-9B61-0183BE74283C}.Debug|Any CPU.ActiveCfg = Debug|Any CPU
		{F9714035-EEE4-4AF6-9B61-0183BE74283C}.Debug|Any CPU.Build.0 = Debug|Any CPU
		{F9714035-EEE4-4AF6-9B61-0183BE74283C}.Release|Any CPU.ActiveCfg = Release|Any CPU
		{F9714035-EEE4-4AF6-9B61-0183BE74283C}.Release|Any CPU.Build.0 = Release|Any CPU
		{2C2F6383-EF54-440F-AAB3-83B045B1154E}.Debug|Any CPU.ActiveCfg = Debug|Any CPU
		{2C2F6383-EF54-440F-AAB3-83B045B1154E}.Debug|Any CPU.Build.0 = Debug|Any CPU
		{2C2F6383-EF54-440F-AAB3-83B045B1154E}.Release|Any CPU.ActiveCfg = Release|Any CPU
		{2C2F6383-EF54-440F-AAB3-83B045B1154E}.Release|Any CPU.Build.0 = Release|Any CPU
		{C288B036-3CBC-4618-89E5-AF7BC569CA1A}.Debug|Any CPU.ActiveCfg = Debug|Any CPU
		{C288B036-3CBC-4618-89E5-AF7BC569CA1A}.Debug|Any CPU.Build.0 = Debug|Any CPU
		{C288B036-3CBC-4618-89E5-AF7BC569CA1A}.Release|Any CPU.ActiveCfg = Release|Any CPU
		{C288B036-3CBC-4618-89E5-AF7BC569CA1A}.Release|Any CPU.Build.0 = Release|Any CPU
		{C17488CA-DF8A-40E2-9210-9052D216253D}.Debug|Any CPU.ActiveCfg = Debug|Any CPU
		{C17488CA-DF8A-40E2-9210-9052D216253D}.Debug|Any CPU.Build.0 = Debug|Any CPU
		{C17488CA-DF8A-40E2-9210-9052D216253D}.Release|Any CPU.ActiveCfg = Release|Any CPU
		{C17488CA-DF8A-40E2-9210-9052D216253D}.Release|Any CPU.Build.0 = Release|Any CPU
		{237C9446-3094-4BE0-A68B-CC30D9E0445C}.Debug|Any CPU.ActiveCfg = Debug|Any CPU
		{237C9446-3094-4BE0-A68B-CC30D9E0445C}.Debug|Any CPU.Build.0 = Debug|Any CPU
		{237C9446-3094-4BE0-A68B-CC30D9E0445C}.Release|Any CPU.ActiveCfg = Release|Any CPU
		{237C9446-3094-4BE0-A68B-CC30D9E0445C}.Release|Any CPU.Build.0 = Release|Any CPU
		{AAD7EAEC-87C4-4CB0-992C-08873EB690F0}.Debug|Any CPU.ActiveCfg = Debug|Any CPU
		{AAD7EAEC-87C4-4CB0-992C-08873EB690F0}.Debug|Any CPU.Build.0 = Debug|Any CPU
		{AAD7EAEC-87C4-4CB0-992C-08873EB690F0}.Release|Any CPU.ActiveCfg = Release|Any CPU
		{AAD7EAEC-87C4-4CB0-992C-08873EB690F0}.Release|Any CPU.Build.0 = Release|Any CPU
		{44D76114-D4E9-4155-A241-5FA970C5B529}.Debug|Any CPU.ActiveCfg = Debug|Any CPU
		{44D76114-D4E9-4155-A241-5FA970C5B529}.Debug|Any CPU.Build.0 = Debug|Any CPU
		{44D76114-D4E9-4155-A241-5FA970C5B529}.Release|Any CPU.ActiveCfg = Release|Any CPU
		{44D76114-D4E9-4155-A241-5FA970C5B529}.Release|Any CPU.Build.0 = Release|Any CPU
		{485874A2-353B-4F5D-BA62-923080D7322F}.Debug|Any CPU.ActiveCfg = Debug|Any CPU
		{485874A2-353B-4F5D-BA62-923080D7322F}.Debug|Any CPU.Build.0 = Debug|Any CPU
		{485874A2-353B-4F5D-BA62-923080D7322F}.Release|Any CPU.ActiveCfg = Release|Any CPU
		{485874A2-353B-4F5D-BA62-923080D7322F}.Release|Any CPU.Build.0 = Release|Any CPU
	EndGlobalSection
	GlobalSection(SolutionProperties) = preSolution
		HideSolutionNode = FALSE
	EndGlobalSection
	GlobalSection(ExtensibilityGlobals) = postSolution
		SolutionGuid = {145ACD6C-8440-40C2-9E64-8AF40C33026F}
	EndGlobalSection
EndGlobal
